
Microsoft Visual Studio Solution File, Format Version 12.00
# Visual Studio Version 16
VisualStudioVersion = 16.0.30907.101
MinimumVisualStudioVersion = 10.0.40219.1
Project("{FAE04EC0-301F-11D3-BF4B-00C04F79EFBC}") = "Dashboard1", "Dashboard1\Dashboard1.csproj", "{8C794134-DDB1-4DE4-A0D0-8DAAFB9E3E6E}"
EndProject
Global
	GlobalSection(SolutionConfigurationPlatforms) = preSolution
		Debug|Any CPU = Debug|Any CPU
		Release|Any CPU = Release|Any CPU
	EndGlobalSection
	GlobalSection(ProjectConfigurationPlatforms) = postSolution
		{8C794134-DDB1-4DE4-A0D0-8DAAFB9E3E6E}.Debug|Any CPU.ActiveCfg = Debug|Any CPU
		{8C794134-DDB1-4DE4-A0D0-8DAAFB9E3E6E}.Debug|Any CPU.Build.0 = Debug|Any CPU
		{8C794134-DDB1-4DE4-A0D0-8DAAFB9E3E6E}.Release|Any CPU.ActiveCfg = Release|Any CPU
		{8C794134-DDB1-4DE4-A0D0-8DAAFB9E3E6E}.Release|Any CPU.Build.0 = Release|Any CPU
	EndGlobalSection
	GlobalSection(SolutionProperties) = preSolution
		HideSolutionNode = FALSE
	EndGlobalSection
	GlobalSection(ExtensibilityGlobals) = postSolution
		SolutionGuid = {28D58E0E-57A4-4B20-A46B-9FCB237444F3}
	EndGlobalSection
EndGlobal
